// !$*UTF8*$!
{
	archiveVersion = 1;
	classes = {
	};
	objectVersion = 56;
	objects = {

/* Begin PBXBuildFile section */
		3D33F4CA2BC0EE8700052AF9 /* BumbleHomeView.swift in Sources */ = {isa = PBXBuildFile; fileRef = 3D33F4C92BC0EE8700052AF9 /* BumbleHomeView.swift */; };
		3D33F4CC2BC0F29100052AF9 /* BumbleFilterView.swift in Sources */ = {isa = PBXBuildFile; fileRef = 3D33F4CB2BC0F29100052AF9 /* BumbleFilterView.swift */; };
		3D33F4CE2BC10C2F00052AF9 /* BumbleCardView.swift in Sources */ = {isa = PBXBuildFile; fileRef = 3D33F4CD2BC10C2F00052AF9 /* BumbleCardView.swift */; };
		3D33F4D02BC10E6000052AF9 /* BumbleHeartView.swift in Sources */ = {isa = PBXBuildFile; fileRef = 3D33F4CF2BC10E6000052AF9 /* BumbleHeartView.swift */; };
		3D33F4D22BC1111C00052AF9 /* ViewExtensions.swift in Sources */ = {isa = PBXBuildFile; fileRef = 3D33F4D12BC1111C00052AF9 /* ViewExtensions.swift */; };
		3D33F4D42BC118CF00052AF9 /* BumbleChipView.swift in Sources */ = {isa = PBXBuildFile; fileRef = 3D33F4D32BC118CF00052AF9 /* BumbleChipView.swift */; };
		3D33F4D62BC11AC500052AF9 /* BumbleInterestView.swift in Sources */ = {isa = PBXBuildFile; fileRef = 3D33F4D52BC11AC500052AF9 /* BumbleInterestView.swift */; };
		3D33F4D82BC1284D00052AF9 /* DragGestureViewModifier.swift in Sources */ = {isa = PBXBuildFile; fileRef = 3D33F4D72BC1284D00052AF9 /* DragGestureViewModifier.swift */; };
		3D33F4DA2BC130EC00052AF9 /* BumbleProfileView.swift in Sources */ = {isa = PBXBuildFile; fileRef = 3D33F4D92BC130EC00052AF9 /* BumbleProfileView.swift */; };
		3D33F4DC2BC1336600052AF9 /* BumbleChatPreviewView.swift in Sources */ = {isa = PBXBuildFile; fileRef = 3D33F4DB2BC1336600052AF9 /* BumbleChatPreviewView.swift */; };
		3D33F4DE2BC13C6300052AF9 /* BumbleChatView.swift in Sources */ = {isa = PBXBuildFile; fileRef = 3D33F4DD2BC13C6300052AF9 /* BumbleChatView.swift */; };
		3D4846672BB8FE57005273B3 /* SpotifyHomeView.swift in Sources */ = {isa = PBXBuildFile; fileRef = 3D4846662BB8FE57005273B3 /* SpotifyHomeView.swift */; };
		3D48466A2BB90039005273B3 /* SpotifyCategoryCell.swift in Sources */ = {isa = PBXBuildFile; fileRef = 3D4846692BB90039005273B3 /* SpotifyCategoryCell.swift */; };
		3D48466D2BB9026B005273B3 /* SpotifyCategory.swift in Sources */ = {isa = PBXBuildFile; fileRef = 3D48466C2BB9026B005273B3 /* SpotifyCategory.swift */; };
		3D48466F2BB92E81005273B3 /* SpotifyRecentCell.swift in Sources */ = {isa = PBXBuildFile; fileRef = 3D48466E2BB92E81005273B3 /* SpotifyRecentCell.swift */; };
		3D4846712BB934E6005273B3 /* SpotifyNewReleaseCell.swift in Sources */ = {isa = PBXBuildFile; fileRef = 3D4846702BB934E6005273B3 /* SpotifyNewReleaseCell.swift */; };
		3D4846732BB93D10005273B3 /* SpotifyImageTitleRowView.swift in Sources */ = {isa = PBXBuildFile; fileRef = 3D4846722BB93D10005273B3 /* SpotifyImageTitleRowView.swift */; };
		3D4846752BB95995005273B3 /* ButtonExtensions.swift in Sources */ = {isa = PBXBuildFile; fileRef = 3D4846742BB95995005273B3 /* ButtonExtensions.swift */; };
		3D4846772BB9603E005273B3 /* SpotityPlaylistView.swift in Sources */ = {isa = PBXBuildFile; fileRef = 3D4846762BB9603E005273B3 /* SpotityPlaylistView.swift */; };
		3D4846792BB960C2005273B3 /* SpotifyPlaylistHeaderCell.swift in Sources */ = {isa = PBXBuildFile; fileRef = 3D4846782BB960C2005273B3 /* SpotifyPlaylistHeaderCell.swift */; };
		3D48467B2BB96370005273B3 /* StetchyHeader.swift in Sources */ = {isa = PBXBuildFile; fileRef = 3D48467A2BB96370005273B3 /* StetchyHeader.swift */; };
		3D48467F2BB966D6005273B3 /* SpotifyPlaylistDecriptionCell.swift in Sources */ = {isa = PBXBuildFile; fileRef = 3D48467E2BB966D6005273B3 /* SpotifyPlaylistDecriptionCell.swift */; };
		3D4846812BBA4316005273B3 /* SpotifySongRowCell.swift in Sources */ = {isa = PBXBuildFile; fileRef = 3D4846802BBA4316005273B3 /* SpotifySongRowCell.swift */; };
		3D8DA17D2BCAB2F000B171E3 /* NetflixHomeView.swift in Sources */ = {isa = PBXBuildFile; fileRef = 3D8DA17C2BCAB2F000B171E3 /* NetflixHomeView.swift */; };
		3D8DA17F2BCAB43C00B171E3 /* NetflixFilterView.swift in Sources */ = {isa = PBXBuildFile; fileRef = 3D8DA17E2BCAB43C00B171E3 /* NetflixFilterView.swift */; };
		3D8DA1812BCAB5B300B171E3 /* NetflixFilterBarView.swift in Sources */ = {isa = PBXBuildFile; fileRef = 3D8DA1802BCAB5B300B171E3 /* NetflixFilterBarView.swift */; };
		3D8DA1832BCABDA100B171E3 /* NetflixMainView.swift in Sources */ = {isa = PBXBuildFile; fileRef = 3D8DA1822BCABDA100B171E3 /* NetflixMainView.swift */; };
		3DF3349A2BB5428C0016C2E7 /* ExampleComplexUIApp.swift in Sources */ = {isa = PBXBuildFile; fileRef = 3DF334992BB5428C0016C2E7 /* ExampleComplexUIApp.swift */; };
		3DF3349C2BB5428C0016C2E7 /* ContentView.swift in Sources */ = {isa = PBXBuildFile; fileRef = 3DF3349B2BB5428C0016C2E7 /* ContentView.swift */; };
		3DF3349E2BB5428D0016C2E7 /* Assets.xcassets in Resources */ = {isa = PBXBuildFile; fileRef = 3DF3349D2BB5428D0016C2E7 /* Assets.xcassets */; };
		3DF334A12BB5428D0016C2E7 /* Preview Assets.xcassets in Resources */ = {isa = PBXBuildFile; fileRef = 3DF334A02BB5428D0016C2E7 /* Preview Assets.xcassets */; };
		3DF334AB2BB5454E0016C2E7 /* ImageLoaderView.swift in Sources */ = {isa = PBXBuildFile; fileRef = 3DF334AA2BB5454E0016C2E7 /* ImageLoaderView.swift */; };
		3DF334AD2BB56B9B0016C2E7 /* DatabaseHelper.swift in Sources */ = {isa = PBXBuildFile; fileRef = 3DF334AC2BB56B9B0016C2E7 /* DatabaseHelper.swift */; };
/* End PBXBuildFile section */

/* Begin PBXFileReference section */
		3D33F4C92BC0EE8700052AF9 /* BumbleHomeView.swift */ = {isa = PBXFileReference; lastKnownFileType = sourcecode.swift; path = BumbleHomeView.swift; sourceTree = "<group>"; };
		3D33F4CB2BC0F29100052AF9 /* BumbleFilterView.swift */ = {isa = PBXFileReference; lastKnownFileType = sourcecode.swift; path = BumbleFilterView.swift; sourceTree = "<group>"; };
		3D33F4CD2BC10C2F00052AF9 /* BumbleCardView.swift */ = {isa = PBXFileReference; lastKnownFileType = sourcecode.swift; path = BumbleCardView.swift; sourceTree = "<group>"; };
		3D33F4CF2BC10E6000052AF9 /* BumbleHeartView.swift */ = {isa = PBXFileReference; lastKnownFileType = sourcecode.swift; path = BumbleHeartView.swift; sourceTree = "<group>"; };
		3D33F4D12BC1111C00052AF9 /* ViewExtensions.swift */ = {isa = PBXFileReference; lastKnownFileType = sourcecode.swift; path = ViewExtensions.swift; sourceTree = "<group>"; };
		3D33F4D32BC118CF00052AF9 /* BumbleChipView.swift */ = {isa = PBXFileReference; lastKnownFileType = sourcecode.swift; path = BumbleChipView.swift; sourceTree = "<group>"; };
		3D33F4D52BC11AC500052AF9 /* BumbleInterestView.swift */ = {isa = PBXFileReference; lastKnownFileType = sourcecode.swift; path = BumbleInterestView.swift; sourceTree = "<group>"; };
		3D33F4D72BC1284D00052AF9 /* DragGestureViewModifier.swift */ = {isa = PBXFileReference; lastKnownFileType = sourcecode.swift; path = DragGestureViewModifier.swift; sourceTree = "<group>"; };
		3D33F4D92BC130EC00052AF9 /* BumbleProfileView.swift */ = {isa = PBXFileReference; lastKnownFileType = sourcecode.swift; path = BumbleProfileView.swift; sourceTree = "<group>"; };
		3D33F4DB2BC1336600052AF9 /* BumbleChatPreviewView.swift */ = {isa = PBXFileReference; lastKnownFileType = sourcecode.swift; path = BumbleChatPreviewView.swift; sourceTree = "<group>"; };
		3D33F4DD2BC13C6300052AF9 /* BumbleChatView.swift */ = {isa = PBXFileReference; lastKnownFileType = sourcecode.swift; path = BumbleChatView.swift; sourceTree = "<group>"; };
		3D4846662BB8FE57005273B3 /* SpotifyHomeView.swift */ = {isa = PBXFileReference; lastKnownFileType = sourcecode.swift; path = SpotifyHomeView.swift; sourceTree = "<group>"; };
		3D4846692BB90039005273B3 /* SpotifyCategoryCell.swift */ = {isa = PBXFileReference; lastKnownFileType = sourcecode.swift; path = SpotifyCategoryCell.swift; sourceTree = "<group>"; };
		3D48466C2BB9026B005273B3 /* SpotifyCategory.swift */ = {isa = PBXFileReference; lastKnownFileType = sourcecode.swift; path = SpotifyCategory.swift; sourceTree = "<group>"; };
		3D48466E2BB92E81005273B3 /* SpotifyRecentCell.swift */ = {isa = PBXFileReference; lastKnownFileType = sourcecode.swift; path = SpotifyRecentCell.swift; sourceTree = "<group>"; };
		3D4846702BB934E6005273B3 /* SpotifyNewReleaseCell.swift */ = {isa = PBXFileReference; lastKnownFileType = sourcecode.swift; path = SpotifyNewReleaseCell.swift; sourceTree = "<group>"; };
		3D4846722BB93D10005273B3 /* SpotifyImageTitleRowView.swift */ = {isa = PBXFileReference; lastKnownFileType = sourcecode.swift; path = SpotifyImageTitleRowView.swift; sourceTree = "<group>"; };
		3D4846742BB95995005273B3 /* ButtonExtensions.swift */ = {isa = PBXFileReference; lastKnownFileType = sourcecode.swift; path = ButtonExtensions.swift; sourceTree = "<group>"; };
		3D4846762BB9603E005273B3 /* SpotityPlaylistView.swift */ = {isa = PBXFileReference; lastKnownFileType = sourcecode.swift; path = SpotityPlaylistView.swift; sourceTree = "<group>"; };
		3D4846782BB960C2005273B3 /* SpotifyPlaylistHeaderCell.swift */ = {isa = PBXFileReference; lastKnownFileType = sourcecode.swift; path = SpotifyPlaylistHeaderCell.swift; sourceTree = "<group>"; };
		3D48467A2BB96370005273B3 /* StetchyHeader.swift */ = {isa = PBXFileReference; lastKnownFileType = sourcecode.swift; path = StetchyHeader.swift; sourceTree = "<group>"; };
		3D48467E2BB966D6005273B3 /* SpotifyPlaylistDecriptionCell.swift */ = {isa = PBXFileReference; lastKnownFileType = sourcecode.swift; path = SpotifyPlaylistDecriptionCell.swift; sourceTree = "<group>"; };
		3D4846802BBA4316005273B3 /* SpotifySongRowCell.swift */ = {isa = PBXFileReference; lastKnownFileType = sourcecode.swift; path = SpotifySongRowCell.swift; sourceTree = "<group>"; };
		3D8DA17C2BCAB2F000B171E3 /* NetflixHomeView.swift */ = {isa = PBXFileReference; lastKnownFileType = sourcecode.swift; path = NetflixHomeView.swift; sourceTree = "<group>"; };
		3D8DA17E2BCAB43C00B171E3 /* NetflixFilterView.swift */ = {isa = PBXFileReference; lastKnownFileType = sourcecode.swift; path = NetflixFilterView.swift; sourceTree = "<group>"; };
		3D8DA1802BCAB5B300B171E3 /* NetflixFilterBarView.swift */ = {isa = PBXFileReference; lastKnownFileType = sourcecode.swift; path = NetflixFilterBarView.swift; sourceTree = "<group>"; };
		3D8DA1822BCABDA100B171E3 /* NetflixMainView.swift */ = {isa = PBXFileReference; lastKnownFileType = sourcecode.swift; path = NetflixMainView.swift; sourceTree = "<group>"; };
		3DF334962BB5428C0016C2E7 /* ExampleComplexUI.app */ = {isa = PBXFileReference; explicitFileType = wrapper.application; includeInIndex = 0; path = ExampleComplexUI.app; sourceTree = BUILT_PRODUCTS_DIR; };
		3DF334992BB5428C0016C2E7 /* ExampleComplexUIApp.swift */ = {isa = PBXFileReference; lastKnownFileType = sourcecode.swift; path = ExampleComplexUIApp.swift; sourceTree = "<group>"; };
		3DF3349B2BB5428C0016C2E7 /* ContentView.swift */ = {isa = PBXFileReference; lastKnownFileType = sourcecode.swift; path = ContentView.swift; sourceTree = "<group>"; };
		3DF3349D2BB5428D0016C2E7 /* Assets.xcassets */ = {isa = PBXFileReference; lastKnownFileType = folder.assetcatalog; path = Assets.xcassets; sourceTree = "<group>"; };
		3DF334A02BB5428D0016C2E7 /* Preview Assets.xcassets */ = {isa = PBXFileReference; lastKnownFileType = folder.assetcatalog; path = "Preview Assets.xcassets"; sourceTree = "<group>"; };
		3DF334AA2BB5454E0016C2E7 /* ImageLoaderView.swift */ = {isa = PBXFileReference; lastKnownFileType = sourcecode.swift; path = ImageLoaderView.swift; sourceTree = "<group>"; };
		3DF334AC2BB56B9B0016C2E7 /* DatabaseHelper.swift */ = {isa = PBXFileReference; lastKnownFileType = sourcecode.swift; path = DatabaseHelper.swift; sourceTree = "<group>"; };
/* End PBXFileReference section */

/* Begin PBXFrameworksBuildPhase section */
		3DF334932BB5428C0016C2E7 /* Frameworks */ = {
			isa = PBXFrameworksBuildPhase;
			buildActionMask = 2147483647;
			files = (
			);
			runOnlyForDeploymentPostprocessing = 0;
		};
/* End PBXFrameworksBuildPhase section */

/* Begin PBXGroup section */
		3D33F4C72BC0ECF100052AF9 /* Bumble */ = {
			isa = PBXGroup;
			children = (
				3D33F4C82BC0EE6E00052AF9 /* Components */,
				3D33F4C92BC0EE8700052AF9 /* BumbleHomeView.swift */,
				3D33F4DD2BC13C6300052AF9 /* BumbleChatView.swift */,
			);
			path = Bumble;
			sourceTree = "<group>";
		};
		3D33F4C82BC0EE6E00052AF9 /* Components */ = {
			isa = PBXGroup;
			children = (
				3D33F4D32BC118CF00052AF9 /* BumbleChipView.swift */,
				3D33F4D52BC11AC500052AF9 /* BumbleInterestView.swift */,
				3D33F4CB2BC0F29100052AF9 /* BumbleFilterView.swift */,
				3D33F4CF2BC10E6000052AF9 /* BumbleHeartView.swift */,
				3D33F4CD2BC10C2F00052AF9 /* BumbleCardView.swift */,
				3D33F4D92BC130EC00052AF9 /* BumbleProfileView.swift */,
				3D33F4DB2BC1336600052AF9 /* BumbleChatPreviewView.swift */,
			);
			path = Components;
			sourceTree = "<group>";
		};
		3D4846642BB8FE34005273B3 /* Views */ = {
			isa = PBXGroup;
			children = (
				3D8DA17A2BCAB0BC00B171E3 /* Netflix */,
				3D33F4C72BC0ECF100052AF9 /* Bumble */,
				3D4846652BB8FE3D005273B3 /* Spotify */,
			);
			path = Views;
			sourceTree = "<group>";
		};
		3D4846652BB8FE3D005273B3 /* Spotify */ = {
			isa = PBXGroup;
			children = (
				3D48466B2BB90256005273B3 /* Model */,
				3D4846682BB90021005273B3 /* Components */,
				3D4846662BB8FE57005273B3 /* SpotifyHomeView.swift */,
				3D4846762BB9603E005273B3 /* SpotityPlaylistView.swift */,
			);
			path = Spotify;
			sourceTree = "<group>";
		};
		3D4846682BB90021005273B3 /* Components */ = {
			isa = PBXGroup;
			children = (
				3D4846692BB90039005273B3 /* SpotifyCategoryCell.swift */,
				3D48466E2BB92E81005273B3 /* SpotifyRecentCell.swift */,
				3D4846702BB934E6005273B3 /* SpotifyNewReleaseCell.swift */,
				3D4846722BB93D10005273B3 /* SpotifyImageTitleRowView.swift */,
				3D4846782BB960C2005273B3 /* SpotifyPlaylistHeaderCell.swift */,
				3D48467E2BB966D6005273B3 /* SpotifyPlaylistDecriptionCell.swift */,
				3D4846802BBA4316005273B3 /* SpotifySongRowCell.swift */,
			);
			path = Components;
			sourceTree = "<group>";
		};
		3D48466B2BB90256005273B3 /* Model */ = {
			isa = PBXGroup;
			children = (
				3D48466C2BB9026B005273B3 /* SpotifyCategory.swift */,
			);
			path = Model;
			sourceTree = "<group>";
		};
		3D8DA17A2BCAB0BC00B171E3 /* Netflix */ = {
			isa = PBXGroup;
			children = (
				3D8DA17B2BCAB0D100B171E3 /* Components */,
				3D8DA17C2BCAB2F000B171E3 /* NetflixHomeView.swift */,
			);
			path = Netflix;
			sourceTree = "<group>";
		};
		3D8DA17B2BCAB0D100B171E3 /* Components */ = {
			isa = PBXGroup;
			children = (
				3D8DA17E2BCAB43C00B171E3 /* NetflixFilterView.swift */,
				3D8DA1802BCAB5B300B171E3 /* NetflixFilterBarView.swift */,
				3D8DA1822BCABDA100B171E3 /* NetflixMainView.swift */,
			);
			path = Components;
			sourceTree = "<group>";
		};
		3DF3348D2BB5428C0016C2E7 = {
			isa = PBXGroup;
			children = (
				3DF334982BB5428C0016C2E7 /* ExampleComplexUI */,
				3DF334972BB5428C0016C2E7 /* Products */,
			);
			sourceTree = "<group>";
		};
		3DF334972BB5428C0016C2E7 /* Products */ = {
			isa = PBXGroup;
			children = (
				3DF334962BB5428C0016C2E7 /* ExampleComplexUI.app */,
			);
			name = Products;
			sourceTree = "<group>";
		};
		3DF334982BB5428C0016C2E7 /* ExampleComplexUI */ = {
			isa = PBXGroup;
			children = (
				3DF334A72BB542A70016C2E7 /* MainResource */,
				3DF334A82BB542CD0016C2E7 /* Sources */,
			);
			path = ExampleComplexUI;
			sourceTree = "<group>";
		};
		3DF3349F2BB5428D0016C2E7 /* Preview Content */ = {
			isa = PBXGroup;
			children = (
				3DF334A02BB5428D0016C2E7 /* Preview Assets.xcassets */,
			);
			path = "Preview Content";
			sourceTree = "<group>";
		};
		3DF334A72BB542A70016C2E7 /* MainResource */ = {
			isa = PBXGroup;
			children = (
				3DF334992BB5428C0016C2E7 /* ExampleComplexUIApp.swift */,
				3DF3349D2BB5428D0016C2E7 /* Assets.xcassets */,
				3DF3349F2BB5428D0016C2E7 /* Preview Content */,
			);
			path = MainResource;
			sourceTree = "<group>";
		};
		3DF334A82BB542CD0016C2E7 /* Sources */ = {
			isa = PBXGroup;
			children = (
				3DF334A92BB545400016C2E7 /* Helper */,
				3D4846642BB8FE34005273B3 /* Views */,
				3DF3349B2BB5428C0016C2E7 /* ContentView.swift */,
			);
			path = Sources;
			sourceTree = "<group>";
		};
		3DF334A92BB545400016C2E7 /* Helper */ = {
			isa = PBXGroup;
			children = (
				3DF334AA2BB5454E0016C2E7 /* ImageLoaderView.swift */,
				3DF334AC2BB56B9B0016C2E7 /* DatabaseHelper.swift */,
				3D4846742BB95995005273B3 /* ButtonExtensions.swift */,
				3D48467A2BB96370005273B3 /* StetchyHeader.swift */,
				3D33F4D12BC1111C00052AF9 /* ViewExtensions.swift */,
				3D33F4D72BC1284D00052AF9 /* DragGestureViewModifier.swift */,
			);
			path = Helper;
			sourceTree = "<group>";
		};
/* End PBXGroup section */

/* Begin PBXNativeTarget section */
		3DF334952BB5428C0016C2E7 /* ExampleComplexUI */ = {
			isa = PBXNativeTarget;
			buildConfigurationList = 3DF334A42BB5428D0016C2E7 /* Build configuration list for PBXNativeTarget "ExampleComplexUI" */;
			buildPhases = (
				3DF334922BB5428C0016C2E7 /* Sources */,
				3DF334932BB5428C0016C2E7 /* Frameworks */,
				3DF334942BB5428C0016C2E7 /* Resources */,
			);
			buildRules = (
			);
			dependencies = (
			);
			name = ExampleComplexUI;
			productName = ExampleComplexUI;
			productReference = 3DF334962BB5428C0016C2E7 /* ExampleComplexUI.app */;
			productType = "com.apple.product-type.application";
		};
/* End PBXNativeTarget section */

/* Begin PBXProject section */
		3DF3348E2BB5428C0016C2E7 /* Project object */ = {
			isa = PBXProject;
			attributes = {
				BuildIndependentTargetsInParallel = 1;
				LastSwiftUpdateCheck = 1520;
				LastUpgradeCheck = 1520;
				TargetAttributes = {
					3DF334952BB5428C0016C2E7 = {
						CreatedOnToolsVersion = 15.2;
					};
				};
			};
			buildConfigurationList = 3DF334912BB5428C0016C2E7 /* Build configuration list for PBXProject "ExampleComplexUI" */;
			compatibilityVersion = "Xcode 14.0";
			developmentRegion = en;
			hasScannedForEncodings = 0;
			knownRegions = (
				en,
				Base,
			);
			mainGroup = 3DF3348D2BB5428C0016C2E7;
			productRefGroup = 3DF334972BB5428C0016C2E7 /* Products */;
			projectDirPath = "";
			projectRoot = "";
			targets = (
				3DF334952BB5428C0016C2E7 /* ExampleComplexUI */,
			);
		};
/* End PBXProject section */

/* Begin PBXResourcesBuildPhase section */
		3DF334942BB5428C0016C2E7 /* Resources */ = {
			isa = PBXResourcesBuildPhase;
			buildActionMask = 2147483647;
			files = (
				3DF334A12BB5428D0016C2E7 /* Preview Assets.xcassets in Resources */,
				3DF3349E2BB5428D0016C2E7 /* Assets.xcassets in Resources */,
			);
			runOnlyForDeploymentPostprocessing = 0;
		};
/* End PBXResourcesBuildPhase section */

/* Begin PBXSourcesBuildPhase section */
		3DF334922BB5428C0016C2E7 /* Sources */ = {
			isa = PBXSourcesBuildPhase;
			buildActionMask = 2147483647;
			files = (
				3D33F4CA2BC0EE8700052AF9 /* BumbleHomeView.swift in Sources */,
				3D33F4D22BC1111C00052AF9 /* ViewExtensions.swift in Sources */,
				3D4846812BBA4316005273B3 /* SpotifySongRowCell.swift in Sources */,
				3D4846712BB934E6005273B3 /* SpotifyNewReleaseCell.swift in Sources */,
				3D8DA17F2BCAB43C00B171E3 /* NetflixFilterView.swift in Sources */,
				3D4846732BB93D10005273B3 /* SpotifyImageTitleRowView.swift in Sources */,
				3D33F4CE2BC10C2F00052AF9 /* BumbleCardView.swift in Sources */,
				3D4846672BB8FE57005273B3 /* SpotifyHomeView.swift in Sources */,
				3D33F4CC2BC0F29100052AF9 /* BumbleFilterView.swift in Sources */,
				3D48466F2BB92E81005273B3 /* SpotifyRecentCell.swift in Sources */,
				3DF334AD2BB56B9B0016C2E7 /* DatabaseHelper.swift in Sources */,
				3D33F4DC2BC1336600052AF9 /* BumbleChatPreviewView.swift in Sources */,
				3D33F4DE2BC13C6300052AF9 /* BumbleChatView.swift in Sources */,
				3DF334AB2BB5454E0016C2E7 /* ImageLoaderView.swift in Sources */,
				3DF3349C2BB5428C0016C2E7 /* ContentView.swift in Sources */,
				3D8DA1832BCABDA100B171E3 /* NetflixMainView.swift in Sources */,
				3D48466D2BB9026B005273B3 /* SpotifyCategory.swift in Sources */,
				3D33F4D42BC118CF00052AF9 /* BumbleChipView.swift in Sources */,
				3D48466A2BB90039005273B3 /* SpotifyCategoryCell.swift in Sources */,
				3D33F4D82BC1284D00052AF9 /* DragGestureViewModifier.swift in Sources */,
				3D33F4DA2BC130EC00052AF9 /* BumbleProfileView.swift in Sources */,
				3D4846772BB9603E005273B3 /* SpotityPlaylistView.swift in Sources */,
				3D33F4D62BC11AC500052AF9 /* BumbleInterestView.swift in Sources */,
				3D33F4D02BC10E6000052AF9 /* BumbleHeartView.swift in Sources */,
				3D8DA17D2BCAB2F000B171E3 /* NetflixHomeView.swift in Sources */,
				3DF3349A2BB5428C0016C2E7 /* ExampleComplexUIApp.swift in Sources */,
				3D8DA1812BCAB5B300B171E3 /* NetflixFilterBarView.swift in Sources */,
				3D4846752BB95995005273B3 /* ButtonExtensions.swift in Sources */,
				3D4846792BB960C2005273B3 /* SpotifyPlaylistHeaderCell.swift in Sources */,
				3D48467F2BB966D6005273B3 /* SpotifyPlaylistDecriptionCell.swift in Sources */,
				3D48467B2BB96370005273B3 /* StetchyHeader.swift in Sources */,
			);
			runOnlyForDeploymentPostprocessing = 0;
		};
/* End PBXSourcesBuildPhase section */

/* Begin XCBuildConfiguration section */
		3DF334A22BB5428D0016C2E7 /* Debug */ = {
			isa = XCBuildConfiguration;
			buildSettings = {
				ALWAYS_SEARCH_USER_PATHS = NO;
				ASSETCATALOG_COMPILER_GENERATE_SWIFT_ASSET_SYMBOL_EXTENSIONS = YES;
				CLANG_ANALYZER_NONNULL = YES;
				CLANG_ANALYZER_NUMBER_OBJECT_CONVERSION = YES_AGGRESSIVE;
				CLANG_CXX_LANGUAGE_STANDARD = "gnu++20";
				CLANG_ENABLE_MODULES = YES;
				CLANG_ENABLE_OBJC_ARC = YES;
				CLANG_ENABLE_OBJC_WEAK = YES;
				CLANG_WARN_BLOCK_CAPTURE_AUTORELEASING = YES;
				CLANG_WARN_BOOL_CONVERSION = YES;
				CLANG_WARN_COMMA = YES;
				CLANG_WARN_CONSTANT_CONVERSION = YES;
				CLANG_WARN_DEPRECATED_OBJC_IMPLEMENTATIONS = YES;
				CLANG_WARN_DIRECT_OBJC_ISA_USAGE = YES_ERROR;
				CLANG_WARN_DOCUMENTATION_COMMENTS = YES;
				CLANG_WARN_EMPTY_BODY = YES;
				CLANG_WARN_ENUM_CONVERSION = YES;
				CLANG_WARN_INFINITE_RECURSION = YES;
				CLANG_WARN_INT_CONVERSION = YES;
				CLANG_WARN_NON_LITERAL_NULL_CONVERSION = YES;
				CLANG_WARN_OBJC_IMPLICIT_RETAIN_SELF = YES;
				CLANG_WARN_OBJC_LITERAL_CONVERSION = YES;
				CLANG_WARN_OBJC_ROOT_CLASS = YES_ERROR;
				CLANG_WARN_QUOTED_INCLUDE_IN_FRAMEWORK_HEADER = YES;
				CLANG_WARN_RANGE_LOOP_ANALYSIS = YES;
				CLANG_WARN_STRICT_PROTOTYPES = YES;
				CLANG_WARN_SUSPICIOUS_MOVE = YES;
				CLANG_WARN_UNGUARDED_AVAILABILITY = YES_AGGRESSIVE;
				CLANG_WARN_UNREACHABLE_CODE = YES;
				CLANG_WARN__DUPLICATE_METHOD_MATCH = YES;
				COPY_PHASE_STRIP = NO;
				DEBUG_INFORMATION_FORMAT = dwarf;
				ENABLE_STRICT_OBJC_MSGSEND = YES;
				ENABLE_TESTABILITY = YES;
				ENABLE_USER_SCRIPT_SANDBOXING = YES;
				GCC_C_LANGUAGE_STANDARD = gnu17;
				GCC_DYNAMIC_NO_PIC = NO;
				GCC_NO_COMMON_BLOCKS = YES;
				GCC_OPTIMIZATION_LEVEL = 0;
				GCC_PREPROCESSOR_DEFINITIONS = (
					"DEBUG=1",
					"$(inherited)",
				);
				GCC_WARN_64_TO_32_BIT_CONVERSION = YES;
				GCC_WARN_ABOUT_RETURN_TYPE = YES_ERROR;
				GCC_WARN_UNDECLARED_SELECTOR = YES;
				GCC_WARN_UNINITIALIZED_AUTOS = YES_AGGRESSIVE;
				GCC_WARN_UNUSED_FUNCTION = YES;
				GCC_WARN_UNUSED_VARIABLE = YES;
				IPHONEOS_DEPLOYMENT_TARGET = 16.0;
				LOCALIZATION_PREFERS_STRING_CATALOGS = YES;
				MTL_ENABLE_DEBUG_INFO = INCLUDE_SOURCE;
				MTL_FAST_MATH = YES;
				ONLY_ACTIVE_ARCH = YES;
				SDKROOT = iphoneos;
				SWIFT_ACTIVE_COMPILATION_CONDITIONS = "DEBUG $(inherited)";
				SWIFT_OPTIMIZATION_LEVEL = "-Onone";
			};
			name = Debug;
		};
		3DF334A32BB5428D0016C2E7 /* Release */ = {
			isa = XCBuildConfiguration;
			buildSettings = {
				ALWAYS_SEARCH_USER_PATHS = NO;
				ASSETCATALOG_COMPILER_GENERATE_SWIFT_ASSET_SYMBOL_EXTENSIONS = YES;
				CLANG_ANALYZER_NONNULL = YES;
				CLANG_ANALYZER_NUMBER_OBJECT_CONVERSION = YES_AGGRESSIVE;
				CLANG_CXX_LANGUAGE_STANDARD = "gnu++20";
				CLANG_ENABLE_MODULES = YES;
				CLANG_ENABLE_OBJC_ARC = YES;
				CLANG_ENABLE_OBJC_WEAK = YES;
				CLANG_WARN_BLOCK_CAPTURE_AUTORELEASING = YES;
				CLANG_WARN_BOOL_CONVERSION = YES;
				CLANG_WARN_COMMA = YES;
				CLANG_WARN_CONSTANT_CONVERSION = YES;
				CLANG_WARN_DEPRECATED_OBJC_IMPLEMENTATIONS = YES;
				CLANG_WARN_DIRECT_OBJC_ISA_USAGE = YES_ERROR;
				CLANG_WARN_DOCUMENTATION_COMMENTS = YES;
				CLANG_WARN_EMPTY_BODY = YES;
				CLANG_WARN_ENUM_CONVERSION = YES;
				CLANG_WARN_INFINITE_RECURSION = YES;
				CLANG_WARN_INT_CONVERSION = YES;
				CLANG_WARN_NON_LITERAL_NULL_CONVERSION = YES;
				CLANG_WARN_OBJC_IMPLICIT_RETAIN_SELF = YES;
				CLANG_WARN_OBJC_LITERAL_CONVERSION = YES;
				CLANG_WARN_OBJC_ROOT_CLASS = YES_ERROR;
				CLANG_WARN_QUOTED_INCLUDE_IN_FRAMEWORK_HEADER = YES;
				CLANG_WARN_RANGE_LOOP_ANALYSIS = YES;
				CLANG_WARN_STRICT_PROTOTYPES = YES;
				CLANG_WARN_SUSPICIOUS_MOVE = YES;
				CLANG_WARN_UNGUARDED_AVAILABILITY = YES_AGGRESSIVE;
				CLANG_WARN_UNREACHABLE_CODE = YES;
				CLANG_WARN__DUPLICATE_METHOD_MATCH = YES;
				COPY_PHASE_STRIP = NO;
				DEBUG_INFORMATION_FORMAT = "dwarf-with-dsym";
				ENABLE_NS_ASSERTIONS = NO;
				ENABLE_STRICT_OBJC_MSGSEND = YES;
				ENABLE_USER_SCRIPT_SANDBOXING = YES;
				GCC_C_LANGUAGE_STANDARD = gnu17;
				GCC_NO_COMMON_BLOCKS = YES;
				GCC_WARN_64_TO_32_BIT_CONVERSION = YES;
				GCC_WARN_ABOUT_RETURN_TYPE = YES_ERROR;
				GCC_WARN_UNDECLARED_SELECTOR = YES;
				GCC_WARN_UNINITIALIZED_AUTOS = YES_AGGRESSIVE;
				GCC_WARN_UNUSED_FUNCTION = YES;
				GCC_WARN_UNUSED_VARIABLE = YES;
				IPHONEOS_DEPLOYMENT_TARGET = 16.0;
				LOCALIZATION_PREFERS_STRING_CATALOGS = YES;
				MTL_ENABLE_DEBUG_INFO = NO;
				MTL_FAST_MATH = YES;
				SDKROOT = iphoneos;
				SWIFT_COMPILATION_MODE = wholemodule;
				VALIDATE_PRODUCT = YES;
			};
			name = Release;
		};
		3DF334A52BB5428D0016C2E7 /* Debug */ = {
			isa = XCBuildConfiguration;
			buildSettings = {
				ASSETCATALOG_COMPILER_APPICON_NAME = AppIcon;
				ASSETCATALOG_COMPILER_GLOBAL_ACCENT_COLOR_NAME = AccentColor;
				CODE_SIGN_STYLE = Automatic;
				CURRENT_PROJECT_VERSION = 1;
				DEVELOPMENT_ASSET_PATHS = "\"ExampleComplexUI/MainResource/Preview Content\"";
				ENABLE_PREVIEWS = YES;
				GENERATE_INFOPLIST_FILE = YES;
				INFOPLIST_KEY_UIApplicationSceneManifest_Generation = YES;
				INFOPLIST_KEY_UIApplicationSupportsIndirectInputEvents = YES;
				INFOPLIST_KEY_UILaunchScreen_Generation = YES;
				INFOPLIST_KEY_UISupportedInterfaceOrientations_iPad = "UIInterfaceOrientationPortrait UIInterfaceOrientationPortraitUpsideDown UIInterfaceOrientationLandscapeLeft UIInterfaceOrientationLandscapeRight";
				INFOPLIST_KEY_UISupportedInterfaceOrientations_iPhone = "UIInterfaceOrientationPortrait UIInterfaceOrientationLandscapeLeft UIInterfaceOrientationLandscapeRight";
				IPHONEOS_DEPLOYMENT_TARGET = 16.0;
				LD_RUNPATH_SEARCH_PATHS = (
					"$(inherited)",
					"@executable_path/Frameworks",
				);
				MARKETING_VERSION = 1.0;
				PRODUCT_BUNDLE_IDENTIFIER = com.maheshwaran.ExampleComplexUI;
				PRODUCT_NAME = "$(TARGET_NAME)";
				SWIFT_EMIT_LOC_STRINGS = YES;
				SWIFT_VERSION = 5.0;
				TARGETED_DEVICE_FAMILY = "1,2";
			};
			name = Debug;
		};
		3DF334A62BB5428D0016C2E7 /* Release */ = {
			isa = XCBuildConfiguration;
			buildSettings = {
				ASSETCATALOG_COMPILER_APPICON_NAME = AppIcon;
				ASSETCATALOG_COMPILER_GLOBAL_ACCENT_COLOR_NAME = AccentColor;
				CODE_SIGN_STYLE = Automatic;
				CURRENT_PROJECT_VERSION = 1;
				DEVELOPMENT_ASSET_PATHS = "\"ExampleComplexUI/MainResource/Preview Content\"";
				ENABLE_PREVIEWS = YES;
				GENERATE_INFOPLIST_FILE = YES;
				INFOPLIST_KEY_UIApplicationSceneManifest_Generation = YES;
				INFOPLIST_KEY_UIApplicationSupportsIndirectInputEvents = YES;
				INFOPLIST_KEY_UILaunchScreen_Generation = YES;
				INFOPLIST_KEY_UISupportedInterfaceOrientations_iPad = "UIInterfaceOrientationPortrait UIInterfaceOrientationPortraitUpsideDown UIInterfaceOrientationLandscapeLeft UIInterfaceOrientationLandscapeRight";
				INFOPLIST_KEY_UISupportedInterfaceOrientations_iPhone = "UIInterfaceOrientationPortrait UIInterfaceOrientationLandscapeLeft UIInterfaceOrientationLandscapeRight";
				IPHONEOS_DEPLOYMENT_TARGET = 16.0;
				LD_RUNPATH_SEARCH_PATHS = (
					"$(inherited)",
					"@executable_path/Frameworks",
				);
				MARKETING_VERSION = 1.0;
				PRODUCT_BUNDLE_IDENTIFIER = com.maheshwaran.ExampleComplexUI;
				PRODUCT_NAME = "$(TARGET_NAME)";
				SWIFT_EMIT_LOC_STRINGS = YES;
				SWIFT_VERSION = 5.0;
				TARGETED_DEVICE_FAMILY = "1,2";
			};
			name = Release;
		};
/* End XCBuildConfiguration section */

/* Begin XCConfigurationList section */
		3DF334912BB5428C0016C2E7 /* Build configuration list for PBXProject "ExampleComplexUI" */ = {
			isa = XCConfigurationList;
			buildConfigurations = (
				3DF334A22BB5428D0016C2E7 /* Debug */,
				3DF334A32BB5428D0016C2E7 /* Release */,
			);
			defaultConfigurationIsVisible = 0;
			defaultConfigurationName = Release;
		};
		3DF334A42BB5428D0016C2E7 /* Build configuration list for PBXNativeTarget "ExampleComplexUI" */ = {
			isa = XCConfigurationList;
			buildConfigurations = (
				3DF334A52BB5428D0016C2E7 /* Debug */,
				3DF334A62BB5428D0016C2E7 /* Release */,
			);
			defaultConfigurationIsVisible = 0;
			defaultConfigurationName = Release;
		};
/* End XCConfigurationList section */
	};
	rootObject = 3DF3348E2BB5428C0016C2E7 /* Project object */;
}
